
Microsoft Visual Studio Solution File, Format Version 12.00
# Visual Studio Version 16
VisualStudioVersion = 16.0.30523.141
MinimumVisualStudioVersion = 10.0.40219.1
Project("{FAE04EC0-301F-11D3-BF4B-00C04F79EFBC}") = "PlanetarySystem", "PlanetarySystem\PlanetarySystem.csproj", "{9AF0DFC5-5A29-40FA-95A7-BBDF885F91CE}"
EndProject
Global
	GlobalSection(SolutionConfigurationPlatforms) = preSolution
		Debug|Any CPU = Debug|Any CPU
		Release|Any CPU = Release|Any CPU
	EndGlobalSection
	GlobalSection(ProjectConfigurationPlatforms) = postSolution
		{9AF0DFC5-5A29-40FA-95A7-BBDF885F91CE}.Debug|Any CPU.ActiveCfg = Debug|Any CPU
		{9AF0DFC5-5A29-40FA-95A7-BBDF885F91CE}.Debug|Any CPU.Build.0 = Debug|Any CPU
		{9AF0DFC5-5A29-40FA-95A7-BBDF885F91CE}.Release|Any CPU.ActiveCfg = Release|Any CPU
		{9AF0DFC5-5A29-40FA-95A7-BBDF885F91CE}.Release|Any CPU.Build.0 = Release|Any CPU
	EndGlobalSection
	GlobalSection(SolutionProperties) = preSolution
		HideSolutionNode = FALSE
	EndGlobalSection
	GlobalSection(ExtensibilityGlobals) = postSolution
		SolutionGuid = {EDF2B245-89FE-4BD9-A737-1AA25EBE6545}
	EndGlobalSection
EndGlobal
